{
  "name": "uni-ordering",
  "version": "1.0.0",
  "lockfileVersion": 1,
  "requires": true,
  "dependencies": {
    "goeasy": {
      "version": "1.0.9",
      "resolved": "https://registry.npm.taobao.org/goeasy/download/goeasy-1.0.9.tgz",
      "integrity": "sha1-PZExWUvRXxQ4QZV7fBipVZ9M+Ak="
    },
    "vue2-countdown": {
      "version": "1.0.8",
      "resolved": "https://registry.npm.taobao.org/vue2-countdown/download/vue2-countdown-1.0.8.tgz",
      "integrity": "sha1-4PILava62zPPmcjMPfUdLHfy7zU="
    }
  }
}
